
Microsoft Visual Studio Solution File, Format Version 12.00
# Visual Studio 15
VisualStudioVersion = 15.0.28307.271
MinimumVisualStudioVersion = 10.0.40219.1
Project("{FAE04EC0-301F-11D3-BF4B-00C04F79EFBC}") = "Mtthods_RR", "Mtthods_RR\Mtthods_RR.csproj", "{675AC672-5A8A-4B93-9CF0-8B29D3B6CB23}"
EndProject
Global
	GlobalSection(SolutionConfigurationPlatforms) = preSolution
		Debug|Any CPU = Debug|Any CPU
		Release|Any CPU = Release|Any CPU
	EndGlobalSection
	GlobalSection(ProjectConfigurationPlatforms) = postSolution
		{675AC672-5A8A-4B93-9CF0-8B29D3B6CB23}.Debug|Any CPU.ActiveCfg = Debug|Any CPU
		{675AC672-5A8A-4B93-9CF0-8B29D3B6CB23}.Debug|Any CPU.Build.0 = Debug|Any CPU
		{675AC672-5A8A-4B93-9CF0-8B29D3B6CB23}.Release|Any CPU.ActiveCfg = Release|Any CPU
		{675AC672-5A8A-4B93-9CF0-8B29D3B6CB23}.Release|Any CPU.Build.0 = Release|Any CPU
	EndGlobalSection
	GlobalSection(SolutionProperties) = preSolution
		HideSolutionNode = FALSE
	EndGlobalSection
	GlobalSection(ExtensibilityGlobals) = postSolution
		SolutionGuid = {BA4E3260-5766-4E58-B29B-542CC9EA2D35}
	EndGlobalSection
EndGlobal
